
Microsoft Visual Studio Solution File, Format Version 12.00
# Visual Studio Version 17
VisualStudioVersion = 17.14.36414.22 d17.14
MinimumVisualStudioVersion = 10.0.40219.1
Project("{FAE04EC0-301F-11D3-BF4B-00C04F79EFBC}") = "My_first_program", "My_first_program.csproj", "{EAC66426-92AD-4A55-B1EC-E06ACD9ECDD3}"
EndProject
Global
	GlobalSection(SolutionConfigurationPlatforms) = preSolution
		Debug|Any CPU = Debug|Any CPU
		Release|Any CPU = Release|Any CPU
	EndGlobalSection
	GlobalSection(ProjectConfigurationPlatforms) = postSolution
		{EAC66426-92AD-4A55-B1EC-E06ACD9ECDD3}.Debug|Any CPU.ActiveCfg = Debug|Any CPU
		{EAC66426-92AD-4A55-B1EC-E06ACD9ECDD3}.Debug|Any CPU.Build.0 = Debug|Any CPU
		{EAC66426-92AD-4A55-B1EC-E06ACD9ECDD3}.Release|Any CPU.ActiveCfg = Release|Any CPU
		{EAC66426-92AD-4A55-B1EC-E06ACD9ECDD3}.Release|Any CPU.Build.0 = Release|Any CPU
	EndGlobalSection
	GlobalSection(SolutionProperties) = preSolution
		HideSolutionNode = FALSE
	EndGlobalSection
	GlobalSection(ExtensibilityGlobals) = postSolution
		SolutionGuid = {C2D9D023-659F-4FC7-8EEA-9766D18BA13C}
	EndGlobalSection
EndGlobal
